
Microsoft Visual Studio Solution File, Format Version 11.00
# Visual Studio 2010
Project("{FAE04EC0-301F-11D3-BF4B-00C04F79EFBC}") = "DiagramsTest", "VectorGraphics\DiagramsTest.csproj", "{75E7BC29-FF9E-4955-9BFC-862A46EFD7EB}"
EndProject
Project("{FAE04EC0-301F-11D3-BF4B-00C04F79EFBC}") = "Diagrams", "Diagrams\Diagrams.csproj", "{9123F806-C76A-460B-9396-3EE91487F215}"
EndProject
Global
	GlobalSection(SolutionConfigurationPlatforms) = preSolution
		Debug|Any CPU = Debug|Any CPU
		Debug|Mixed Platforms = Debug|Mixed Platforms
		Debug|x86 = Debug|x86
		Release|Any CPU = Release|Any CPU
		Release|Mixed Platforms = Release|Mixed Platforms
		Release|x86 = Release|x86
	EndGlobalSection
	GlobalSection(ProjectConfigurationPlatforms) = postSolution
		{75E7BC29-FF9E-4955-9BFC-862A46EFD7EB}.Debug|Any CPU.ActiveCfg = Debug|x86
		{75E7BC29-FF9E-4955-9BFC-862A46EFD7EB}.Debug|Mixed Platforms.ActiveCfg = Debug|x86
		{75E7BC29-FF9E-4955-9BFC-862A46EFD7EB}.Debug|Mixed Platforms.Build.0 = Debug|x86
		{75E7BC29-FF9E-4955-9BFC-862A46EFD7EB}.Debug|x86.ActiveCfg = Debug|x86
		{75E7BC29-FF9E-4955-9BFC-862A46EFD7EB}.Debug|x86.Build.0 = Debug|x86
		{75E7BC29-FF9E-4955-9BFC-862A46EFD7EB}.Release|Any CPU.ActiveCfg = Release|x86
		{75E7BC29-FF9E-4955-9BFC-862A46EFD7EB}.Release|Mixed Platforms.ActiveCfg = Release|x86
		{75E7BC29-FF9E-4955-9BFC-862A46EFD7EB}.Release|Mixed Platforms.Build.0 = Release|x86
		{75E7BC29-FF9E-4955-9BFC-862A46EFD7EB}.Release|x86.ActiveCfg = Release|x86
		{75E7BC29-FF9E-4955-9BFC-862A46EFD7EB}.Release|x86.Build.0 = Release|x86
		{9123F806-C76A-460B-9396-3EE91487F215}.Debug|Any CPU.ActiveCfg = Debug|Any CPU
		{9123F806-C76A-460B-9396-3EE91487F215}.Debug|Any CPU.Build.0 = Debug|Any CPU
		{9123F806-C76A-460B-9396-3EE91487F215}.Debug|Mixed Platforms.ActiveCfg = Debug|Any CPU
		{9123F806-C76A-460B-9396-3EE91487F215}.Debug|Mixed Platforms.Build.0 = Debug|Any CPU
		{9123F806-C76A-460B-9396-3EE91487F215}.Debug|x86.ActiveCfg = Debug|Any CPU
		{9123F806-C76A-460B-9396-3EE91487F215}.Release|Any CPU.ActiveCfg = Release|Any CPU
		{9123F806-C76A-460B-9396-3EE91487F215}.Release|Any CPU.Build.0 = Release|Any CPU
		{9123F806-C76A-460B-9396-3EE91487F215}.Release|Mixed Platforms.ActiveCfg = Release|Any CPU
		{9123F806-C76A-460B-9396-3EE91487F215}.Release|Mixed Platforms.Build.0 = Release|Any CPU
		{9123F806-C76A-460B-9396-3EE91487F215}.Release|x86.ActiveCfg = Release|Any CPU
	EndGlobalSection
	GlobalSection(SolutionProperties) = preSolution
		HideSolutionNode = FALSE
	EndGlobalSection
EndGlobal
